# THIS IS AN AUTOGENERATED FILE. DO NOT EDIT THIS FILE DIRECTLY.
# yarn lockfile v1


"@iconify/vue2@^1.2.1":
  version "1.2.1"
  resolved "https://registry.yarnpkg.com/@iconify/vue2/-/vue2-1.2.1.tgz#f858bcfe8554970cca6d8f4c7a7e8015c7933fbb"
  integrity sha512-aJy/PLs0mqKF5wv6vMc+Pf2+v4TkrlLP15tTU15Tbyw5OSnIGZa64eCkEEJnag2h8+XIf/mx6MOf7m2DE58pHw==
